
Microsoft Visual Studio Solution File, Format Version 12.00
# Visual Studio Version 17
VisualStudioVersion = 17.0.32002.185
MinimumVisualStudioVersion = 10.0.40219.1
Project("{9A19103F-16F7-4668-BE54-9A1E7A4F7556}") = "OpeniddictServer", "OpeniddictServer\OpeniddictServer.csproj", "{D12043A7-436F-4C60-AE8D-4A4D8EB6076C}"
EndProject
Project("{9A19103F-16F7-4668-BE54-9A1E7A4F7556}") = "ResourceServer", "ResourceServer\ResourceServer.csproj", "{8206AB4E-E954-4A70-B85E-EE956A42A34E}"
EndProject
Project("{2150E333-8FDC-42A3-9474-1A3956D46DE8}") = "_dev", "_dev", "{03B25853-92B2-4FAF-85FB-E68AA2F24B6F}"
	ProjectSection(SolutionItems) = preProject
		.github\workflows\dotnet.yml = .github\workflows\dotnet.yml
		README.md = README.md
	EndProjectSection
EndProject
Project("{2150E333-8FDC-42A3-9474-1A3956D46DE8}") = "ClientCredentials", "ClientCredentials", "{09B82D4D-926C-42A2-9522-F635D51B893C}"
EndProject
Project("{9A19103F-16F7-4668-BE54-9A1E7A4F7556}") = "GrpcAppClientConsole", "ClientCredentialsFlow\GrpcAppClientConsole\GrpcAppClientConsole.csproj", "{FE3573C8-F01C-4822-963C-CEAD63316A13}"
EndProject
Project("{9A19103F-16F7-4668-BE54-9A1E7A4F7556}") = "GrpcApi", "ClientCredentialsFlow\GrpcApi\GrpcApi.csproj", "{96DFA6DC-D3C3-4C1F-B6D4-1939BBC7B069}"
EndProject
Global
	GlobalSection(SolutionConfigurationPlatforms) = preSolution
		Debug|Any CPU = Debug|Any CPU
		Release|Any CPU = Release|Any CPU
	EndGlobalSection
	GlobalSection(ProjectConfigurationPlatforms) = postSolution
		{D12043A7-436F-4C60-AE8D-4A4D8EB6076C}.Debug|Any CPU.ActiveCfg = Debug|Any CPU
		{D12043A7-436F-4C60-AE8D-4A4D8EB6076C}.Debug|Any CPU.Build.0 = Debug|Any CPU
		{D12043A7-436F-4C60-AE8D-4A4D8EB6076C}.Release|Any CPU.ActiveCfg = Release|Any CPU
		{D12043A7-436F-4C60-AE8D-4A4D8EB6076C}.Release|Any CPU.Build.0 = Release|Any CPU
		{8206AB4E-E954-4A70-B85E-EE956A42A34E}.Debug|Any CPU.ActiveCfg = Debug|Any CPU
		{8206AB4E-E954-4A70-B85E-EE956A42A34E}.Debug|Any CPU.Build.0 = Debug|Any CPU
		{8206AB4E-E954-4A70-B85E-EE956A42A34E}.Release|Any CPU.ActiveCfg = Release|Any CPU
		{8206AB4E-E954-4A70-B85E-EE956A42A34E}.Release|Any CPU.Build.0 = Release|Any CPU
		{FE3573C8-F01C-4822-963C-CEAD63316A13}.Debug|Any CPU.ActiveCfg = Debug|Any CPU
		{FE3573C8-F01C-4822-963C-CEAD63316A13}.Debug|Any CPU.Build.0 = Debug|Any CPU
		{FE3573C8-F01C-4822-963C-CEAD63316A13}.Release|Any CPU.ActiveCfg = Release|Any CPU
		{FE3573C8-F01C-4822-963C-CEAD63316A13}.Release|Any CPU.Build.0 = Release|Any CPU
		{96DFA6DC-D3C3-4C1F-B6D4-1939BBC7B069}.Debug|Any CPU.ActiveCfg = Debug|Any CPU
		{96DFA6DC-D3C3-4C1F-B6D4-1939BBC7B069}.Debug|Any CPU.Build.0 = Debug|Any CPU
		{96DFA6DC-D3C3-4C1F-B6D4-1939BBC7B069}.Release|Any CPU.ActiveCfg = Release|Any CPU
		{96DFA6DC-D3C3-4C1F-B6D4-1939BBC7B069}.Release|Any CPU.Build.0 = Release|Any CPU
	EndGlobalSection
	GlobalSection(SolutionProperties) = preSolution
		HideSolutionNode = FALSE
	EndGlobalSection
	GlobalSection(NestedProjects) = preSolution
		{FE3573C8-F01C-4822-963C-CEAD63316A13} = {09B82D4D-926C-42A2-9522-F635D51B893C}
		{96DFA6DC-D3C3-4C1F-B6D4-1939BBC7B069} = {09B82D4D-926C-42A2-9522-F635D51B893C}
	EndGlobalSection
	GlobalSection(ExtensibilityGlobals) = postSolution
		SolutionGuid = {B5B55BBC-1EEA-47D2-A4D5-0DBA4EE78F99}
	EndGlobalSection
EndGlobal
